
Microsoft Visual Studio Solution File, Format Version 12.00
# Visual Studio 14
VisualStudioVersion = 14.0.25420.1
MinimumVisualStudioVersion = 10.0.40219.1
Project("{8BC9CEB8-8B4A-11D0-8D11-00A0C91BC942}") = "BoostShmDemo", "BoostShmDemo\BoostShmDemo.vcxproj", "{76BF0777-C804-4680-AA54-A90ACFFAEE30}"
EndProject
Project("{8BC9CEB8-8B4A-11D0-8D11-00A0C91BC942}") = "ShmDoc", "ShmDcoc\ShmDcoc.vcxproj", "{1A70541C-06EB-4BC3-B92F-EF0B39B64A63}"
EndProject
Project("{8BC9CEB8-8B4A-11D0-8D11-00A0C91BC942}") = "ShmWrite", "ShmWrite\ShmWrite.vcxproj", "{FC4B4A6E-95D4-4DB1-BE18-6DA4505432E6}"
EndProject
Project("{8BC9CEB8-8B4A-11D0-8D11-00A0C91BC942}") = "ShmRead", "ShmRead\ShmRead.vcxproj", "{3AFD9133-3B24-4E53-8163-52E6BC27F0CF}"
EndProject
Project("{8BC9CEB8-8B4A-11D0-8D11-00A0C91BC942}") = "SemaphoreW", "SemaphoreW\SemaphoreW.vcxproj", "{72550600-9C0B-4719-B91E-306D16DB263F}"
EndProject
Project("{8BC9CEB8-8B4A-11D0-8D11-00A0C91BC942}") = "SemaphoreR", "SemaphoreR\SemaphoreR.vcxproj", "{433B2D00-3D2C-4F54-91F8-CBB54BB8F0F7}"
EndProject
Project("{8BC9CEB8-8B4A-11D0-8D11-00A0C91BC942}") = "ShmClean", "ShmClean\ShmClean.vcxproj", "{23796FA8-8121-4E50-9F22-329D879C5A03}"
EndProject
Project("{8BC9CEB8-8B4A-11D0-8D11-00A0C91BC942}") = "ShmGrow", "ShmGrow\ShmGrow.vcxproj", "{4F656D20-0875-4BD1-97E6-2E88F1635EEC}"
EndProject
Project("{8BC9CEB8-8B4A-11D0-8D11-00A0C91BC942}") = "WinShmWrite", "WinShmWrite\WinShmWrite.vcxproj", "{7BB2ED64-B825-476B-A6E7-D826709F42BD}"
EndProject
Project("{8BC9CEB8-8B4A-11D0-8D11-00A0C91BC942}") = "WinShmRead", "WinShmRead\WinShmRead.vcxproj", "{A3852E23-19AE-4077-B8C6-59E3E40FC8E1}"
EndProject
Global
	GlobalSection(SolutionConfigurationPlatforms) = preSolution
		Debug|x64 = Debug|x64
		Debug|x86 = Debug|x86
		Release|x64 = Release|x64
		Release|x86 = Release|x86
	EndGlobalSection
	GlobalSection(ProjectConfigurationPlatforms) = postSolution
		{76BF0777-C804-4680-AA54-A90ACFFAEE30}.Debug|x64.ActiveCfg = Debug|x64
		{76BF0777-C804-4680-AA54-A90ACFFAEE30}.Debug|x64.Build.0 = Debug|x64
		{76BF0777-C804-4680-AA54-A90ACFFAEE30}.Debug|x86.ActiveCfg = Debug|Win32
		{76BF0777-C804-4680-AA54-A90ACFFAEE30}.Debug|x86.Build.0 = Debug|Win32
		{76BF0777-C804-4680-AA54-A90ACFFAEE30}.Release|x64.ActiveCfg = Release|x64
		{76BF0777-C804-4680-AA54-A90ACFFAEE30}.Release|x64.Build.0 = Release|x64
		{76BF0777-C804-4680-AA54-A90ACFFAEE30}.Release|x86.ActiveCfg = Release|Win32
		{76BF0777-C804-4680-AA54-A90ACFFAEE30}.Release|x86.Build.0 = Release|Win32
		{1A70541C-06EB-4BC3-B92F-EF0B39B64A63}.Debug|x64.ActiveCfg = Debug|x64
		{1A70541C-06EB-4BC3-B92F-EF0B39B64A63}.Debug|x64.Build.0 = Debug|x64
		{1A70541C-06EB-4BC3-B92F-EF0B39B64A63}.Debug|x86.ActiveCfg = Debug|Win32
		{1A70541C-06EB-4BC3-B92F-EF0B39B64A63}.Debug|x86.Build.0 = Debug|Win32
		{1A70541C-06EB-4BC3-B92F-EF0B39B64A63}.Release|x64.ActiveCfg = Release|x64
		{1A70541C-06EB-4BC3-B92F-EF0B39B64A63}.Release|x64.Build.0 = Release|x64
		{1A70541C-06EB-4BC3-B92F-EF0B39B64A63}.Release|x86.ActiveCfg = Release|Win32
		{1A70541C-06EB-4BC3-B92F-EF0B39B64A63}.Release|x86.Build.0 = Release|Win32
		{FC4B4A6E-95D4-4DB1-BE18-6DA4505432E6}.Debug|x64.ActiveCfg = Debug|x64
		{FC4B4A6E-95D4-4DB1-BE18-6DA4505432E6}.Debug|x64.Build.0 = Debug|x64
		{FC4B4A6E-95D4-4DB1-BE18-6DA4505432E6}.Debug|x86.ActiveCfg = Debug|Win32
		{FC4B4A6E-95D4-4DB1-BE18-6DA4505432E6}.Debug|x86.Build.0 = Debug|Win32
		{FC4B4A6E-95D4-4DB1-BE18-6DA4505432E6}.Release|x64.ActiveCfg = Release|x64
		{FC4B4A6E-95D4-4DB1-BE18-6DA4505432E6}.Release|x64.Build.0 = Release|x64
		{FC4B4A6E-95D4-4DB1-BE18-6DA4505432E6}.Release|x86.ActiveCfg = Release|Win32
		{FC4B4A6E-95D4-4DB1-BE18-6DA4505432E6}.Release|x86.Build.0 = Release|Win32
		{3AFD9133-3B24-4E53-8163-52E6BC27F0CF}.Debug|x64.ActiveCfg = Debug|x64
		{3AFD9133-3B24-4E53-8163-52E6BC27F0CF}.Debug|x64.Build.0 = Debug|x64
		{3AFD9133-3B24-4E53-8163-52E6BC27F0CF}.Debug|x86.ActiveCfg = Debug|Win32
		{3AFD9133-3B24-4E53-8163-52E6BC27F0CF}.Debug|x86.Build.0 = Debug|Win32
		{3AFD9133-3B24-4E53-8163-52E6BC27F0CF}.Release|x64.ActiveCfg = Release|x64
		{3AFD9133-3B24-4E53-8163-52E6BC27F0CF}.Release|x64.Build.0 = Release|x64
		{3AFD9133-3B24-4E53-8163-52E6BC27F0CF}.Release|x86.ActiveCfg = Release|Win32
		{3AFD9133-3B24-4E53-8163-52E6BC27F0CF}.Release|x86.Build.0 = Release|Win32
		{72550600-9C0B-4719-B91E-306D16DB263F}.Debug|x64.ActiveCfg = Debug|x64
		{72550600-9C0B-4719-B91E-306D16DB263F}.Debug|x64.Build.0 = Debug|x64
		{72550600-9C0B-4719-B91E-306D16DB263F}.Debug|x86.ActiveCfg = Debug|Win32
		{72550600-9C0B-4719-B91E-306D16DB263F}.Debug|x86.Build.0 = Debug|Win32
		{72550600-9C0B-4719-B91E-306D16DB263F}.Release|x64.ActiveCfg = Release|x64
		{72550600-9C0B-4719-B91E-306D16DB263F}.Release|x64.Build.0 = Release|x64
		{72550600-9C0B-4719-B91E-306D16DB263F}.Release|x86.ActiveCfg = Release|Win32
		{72550600-9C0B-4719-B91E-306D16DB263F}.Release|x86.Build.0 = Release|Win32
		{433B2D00-3D2C-4F54-91F8-CBB54BB8F0F7}.Debug|x64.ActiveCfg = Debug|x64
		{433B2D00-3D2C-4F54-91F8-CBB54BB8F0F7}.Debug|x64.Build.0 = Debug|x64
		{433B2D00-3D2C-4F54-91F8-CBB54BB8F0F7}.Debug|x86.ActiveCfg = Debug|Win32
		{433B2D00-3D2C-4F54-91F8-CBB54BB8F0F7}.Debug|x86.Build.0 = Debug|Win32
		{433B2D00-3D2C-4F54-91F8-CBB54BB8F0F7}.Release|x64.ActiveCfg = Release|x64
		{433B2D00-3D2C-4F54-91F8-CBB54BB8F0F7}.Release|x64.Build.0 = Release|x64
		{433B2D00-3D2C-4F54-91F8-CBB54BB8F0F7}.Release|x86.ActiveCfg = Release|Win32
		{433B2D00-3D2C-4F54-91F8-CBB54BB8F0F7}.Release|x86.Build.0 = Release|Win32
		{23796FA8-8121-4E50-9F22-329D879C5A03}.Debug|x64.ActiveCfg = Debug|x64
		{23796FA8-8121-4E50-9F22-329D879C5A03}.Debug|x64.Build.0 = Debug|x64
		{23796FA8-8121-4E50-9F22-329D879C5A03}.Debug|x86.ActiveCfg = Debug|Win32
		{23796FA8-8121-4E50-9F22-329D879C5A03}.Debug|x86.Build.0 = Debug|Win32
		{23796FA8-8121-4E50-9F22-329D879C5A03}.Release|x64.ActiveCfg = Release|x64
		{23796FA8-8121-4E50-9F22-329D879C5A03}.Release|x64.Build.0 = Release|x64
		{23796FA8-8121-4E50-9F22-329D879C5A03}.Release|x86.ActiveCfg = Release|Win32
		{23796FA8-8121-4E50-9F22-329D879C5A03}.Release|x86.Build.0 = Release|Win32
		{4F656D20-0875-4BD1-97E6-2E88F1635EEC}.Debug|x64.ActiveCfg = Debug|x64
		{4F656D20-0875-4BD1-97E6-2E88F1635EEC}.Debug|x64.Build.0 = Debug|x64
		{4F656D20-0875-4BD1-97E6-2E88F1635EEC}.Debug|x86.ActiveCfg = Debug|Win32
		{4F656D20-0875-4BD1-97E6-2E88F1635EEC}.Debug|x86.Build.0 = Debug|Win32
		{4F656D20-0875-4BD1-97E6-2E88F1635EEC}.Release|x64.ActiveCfg = Release|x64
		{4F656D20-0875-4BD1-97E6-2E88F1635EEC}.Release|x64.Build.0 = Release|x64
		{4F656D20-0875-4BD1-97E6-2E88F1635EEC}.Release|x86.ActiveCfg = Release|Win32
		{4F656D20-0875-4BD1-97E6-2E88F1635EEC}.Release|x86.Build.0 = Release|Win32
		{7BB2ED64-B825-476B-A6E7-D826709F42BD}.Debug|x64.ActiveCfg = Debug|x64
		{7BB2ED64-B825-476B-A6E7-D826709F42BD}.Debug|x64.Build.0 = Debug|x64
		{7BB2ED64-B825-476B-A6E7-D826709F42BD}.Debug|x86.ActiveCfg = Debug|Win32
		{7BB2ED64-B825-476B-A6E7-D826709F42BD}.Debug|x86.Build.0 = Debug|Win32
		{7BB2ED64-B825-476B-A6E7-D826709F42BD}.Release|x64.ActiveCfg = Release|x64
		{7BB2ED64-B825-476B-A6E7-D826709F42BD}.Release|x64.Build.0 = Release|x64
		{7BB2ED64-B825-476B-A6E7-D826709F42BD}.Release|x86.ActiveCfg = Release|Win32
		{7BB2ED64-B825-476B-A6E7-D826709F42BD}.Release|x86.Build.0 = Release|Win32
		{A3852E23-19AE-4077-B8C6-59E3E40FC8E1}.Debug|x64.ActiveCfg = Debug|x64
		{A3852E23-19AE-4077-B8C6-59E3E40FC8E1}.Debug|x64.Build.0 = Debug|x64
		{A3852E23-19AE-4077-B8C6-59E3E40FC8E1}.Debug|x86.ActiveCfg = Debug|Win32
		{A3852E23-19AE-4077-B8C6-59E3E40FC8E1}.Debug|x86.Build.0 = Debug|Win32
		{A3852E23-19AE-4077-B8C6-59E3E40FC8E1}.Release|x64.ActiveCfg = Release|x64
		{A3852E23-19AE-4077-B8C6-59E3E40FC8E1}.Release|x64.Build.0 = Release|x64
		{A3852E23-19AE-4077-B8C6-59E3E40FC8E1}.Release|x86.ActiveCfg = Release|Win32
		{A3852E23-19AE-4077-B8C6-59E3E40FC8E1}.Release|x86.Build.0 = Release|Win32
	EndGlobalSection
	GlobalSection(SolutionProperties) = preSolution
		HideSolutionNode = FALSE
	EndGlobalSection
EndGlobal
